
Microsoft Visual Studio Solution File, Format Version 12.00
# Visual Studio Version 17
VisualStudioVersion = 17.13.35913.81
MinimumVisualStudioVersion = 10.0.40219.1
Project("{FAE04EC0-301F-11D3-BF4B-00C04F79EFBC}") = "Numerology.Core", "Numerology.Core\Numerology.Core.csproj", "{5DAA15F1-161E-49E0-A455-8B3DFCCFE980}"
EndProject
Project("{FAE04EC0-301F-11D3-BF4B-00C04F79EFBC}") = "Numerology.Infrastructure", "Numerology.Infrastructure\Numerology.Infrastructure.csproj", "{F91B4632-BD45-49B7-B27D-1FB76246BEC3}"
EndProject
Project("{FAE04EC0-301F-11D3-BF4B-00C04F79EFBC}") = "Numerology.API", "Numerology.API\Numerology.API.csproj", "{907F2210-BBBA-4F54-9CC2-E6293B594343}"
EndProject
Global
	GlobalSection(SolutionConfigurationPlatforms) = preSolution
		Debug|Any CPU = Debug|Any CPU
		Release|Any CPU = Release|Any CPU
	EndGlobalSection
	GlobalSection(ProjectConfigurationPlatforms) = postSolution
		{5DAA15F1-161E-49E0-A455-8B3DFCCFE980}.Debug|Any CPU.ActiveCfg = Debug|Any CPU
		{5DAA15F1-161E-49E0-A455-8B3DFCCFE980}.Debug|Any CPU.Build.0 = Debug|Any CPU
		{5DAA15F1-161E-49E0-A455-8B3DFCCFE980}.Release|Any CPU.ActiveCfg = Release|Any CPU
		{5DAA15F1-161E-49E0-A455-8B3DFCCFE980}.Release|Any CPU.Build.0 = Release|Any CPU
		{F91B4632-BD45-49B7-B27D-1FB76246BEC3}.Debug|Any CPU.ActiveCfg = Debug|Any CPU
		{F91B4632-BD45-49B7-B27D-1FB76246BEC3}.Debug|Any CPU.Build.0 = Debug|Any CPU
		{F91B4632-BD45-49B7-B27D-1FB76246BEC3}.Release|Any CPU.ActiveCfg = Release|Any CPU
		{F91B4632-BD45-49B7-B27D-1FB76246BEC3}.Release|Any CPU.Build.0 = Release|Any CPU
		{907F2210-BBBA-4F54-9CC2-E6293B594343}.Debug|Any CPU.ActiveCfg = Debug|Any CPU
		{907F2210-BBBA-4F54-9CC2-E6293B594343}.Debug|Any CPU.Build.0 = Debug|Any CPU
		{907F2210-BBBA-4F54-9CC2-E6293B594343}.Release|Any CPU.ActiveCfg = Release|Any CPU
		{907F2210-BBBA-4F54-9CC2-E6293B594343}.Release|Any CPU.Build.0 = Release|Any CPU
	EndGlobalSection
	GlobalSection(SolutionProperties) = preSolution
		HideSolutionNode = FALSE
	EndGlobalSection
	GlobalSection(ExtensibilityGlobals) = postSolution
		SolutionGuid = {70169236-A1CC-4FD8-A395-56BC0E761EA7}
	EndGlobalSection
EndGlobal
